github.com/csukuangfj/piper-phonemize-go-linux v1.4.12 h1:QZpiNdFuitCS0mDTy8+vVpOC50wOsoKuT3QbGm9ozUk=
github.com/csukuangfj/piper-phonemize-go-linux v1.4.12/go.mod h1:wNyq6v0OOG9pSpTBXaKH+G/5tnGYsrmEJyMOv42yGMk=
github.com/csukuangfj/piper-phonemize-go-macos v1.4.12 h1:Cii7wFef5MHlXMF+nib5JL/0hNpWdswU0nrXN3cmSxA=
github.com/csukuangfj/piper-phonemize-go-macos v1.4.12/go.mod h1:75grp1hJDR4YciTMIoMxXEAdN/QPjGg5lL1D1mZJXDM=
github.com/csukuangfj/piper-phonemize-go-windows v1.4.12 h1:aonAXjr+HrM8CBexEa3T9TvC/Rq2LbRaOmARZXPY6BI=
github.com/csukuangfj/piper-phonemize-go-windows v1.4.12/go.mod h1:JsHJJc4sYbZ/9Bh8OYem7y7nVEsimjO4jzKTGTBl/gc=
